// !$*UTF8*$!
{
	archiveVersion = 1;
	classes = {
	};
	objectVersion = 56;
	objects = {

/* Begin PBXBuildFile section */
		CF0251B22A997F7A00DB8F9E /* YouthHockeyStatsApp.swift in Sources */ = {isa = PBXBuildFile; fileRef = CF0251B12A997F7A00DB8F9E /* YouthHockeyStatsApp.swift */; };
		CF0251B42A997F7A00DB8F9E /* GameView.swift in Sources */ = {isa = PBXBuildFile; fileRef = CF0251B32A997F7A00DB8F9E /* GameView.swift */; };
		CF0251B62A997F7B00DB8F9E /* Assets.xcassets in Resources */ = {isa = PBXBuildFile; fileRef = CF0251B52A997F7B00DB8F9E /* Assets.xcassets */; };
		CF0251B92A997F7B00DB8F9E /* Preview Assets.xcassets in Resources */ = {isa = PBXBuildFile; fileRef = CF0251B82A997F7B00DB8F9E /* Preview Assets.xcassets */; };
		CF23573A2A9A8FC1005256C2 /* CreateGoalieView.swift in Sources */ = {isa = PBXBuildFile; fileRef = CF2357392A9A8FC1005256C2 /* CreateGoalieView.swift */; };
		CF5CA7052AA0A90A00283E29 /* GoalieModel.xcdatamodeld in Sources */ = {isa = PBXBuildFile; fileRef = CF5CA7032AA0A90A00283E29 /* GoalieModel.xcdatamodeld */; };
		CF5CA7072AA0AA3B00283E29 /* DataController.swift in Sources */ = {isa = PBXBuildFile; fileRef = CF5CA7062AA0AA3B00283E29 /* DataController.swift */; };
/* End PBXBuildFile section */

/* Begin PBXFileReference section */
		CF0251AE2A997F7A00DB8F9E /* YouthHockeyStats.app */ = {isa = PBXFileReference; explicitFileType = wrapper.application; includeInIndex = 0; path = YouthHockeyStats.app; sourceTree = BUILT_PRODUCTS_DIR; };
		CF0251B12A997F7A00DB8F9E /* YouthHockeyStatsApp.swift */ = {isa = PBXFileReference; lastKnownFileType = sourcecode.swift; path = YouthHockeyStatsApp.swift; sourceTree = "<group>"; };
		CF0251B32A997F7A00DB8F9E /* GameView.swift */ = {isa = PBXFileReference; lastKnownFileType = sourcecode.swift; path = GameView.swift; sourceTree = "<group>"; };
		CF0251B52A997F7B00DB8F9E /* Assets.xcassets */ = {isa = PBXFileReference; lastKnownFileType = folder.assetcatalog; path = Assets.xcassets; sourceTree = "<group>"; };
		CF0251B82A997F7B00DB8F9E /* Preview Assets.xcassets */ = {isa = PBXFileReference; lastKnownFileType = folder.assetcatalog; path = "Preview Assets.xcassets"; sourceTree = "<group>"; };
		CF2357392A9A8FC1005256C2 /* CreateGoalieView.swift */ = {isa = PBXFileReference; lastKnownFileType = sourcecode.swift; path = CreateGoalieView.swift; sourceTree = "<group>"; };
		CF5CA7042AA0A90A00283E29 /* Model.xcdatamodel */ = {isa = PBXFileReference; lastKnownFileType = wrapper.xcdatamodel; path = Model.xcdatamodel; sourceTree = "<group>"; };
		CF5CA7062AA0AA3B00283E29 /* DataController.swift */ = {isa = PBXFileReference; lastKnownFileType = sourcecode.swift; path = DataController.swift; sourceTree = "<group>"; };
/* End PBXFileReference section */

/* Begin PBXFrameworksBuildPhase section */
		CF0251AB2A997F7A00DB8F9E /* Frameworks */ = {
			isa = PBXFrameworksBuildPhase;
			buildActionMask = 2147483647;
			files = (
			);
			runOnlyForDeploymentPostprocessing = 0;
		};
/* End PBXFrameworksBuildPhase section */

/* Begin PBXGroup section */
		CF0251A52A997F7A00DB8F9E = {
			isa = PBXGroup;
			children = (
				CF0251B02A997F7A00DB8F9E /* YouthHockeyStats */,
				CF0251AF2A997F7A00DB8F9E /* Products */,
			);
			sourceTree = "<group>";
		};
		CF0251AF2A997F7A00DB8F9E /* Products */ = {
			isa = PBXGroup;
			children = (
				CF0251AE2A997F7A00DB8F9E /* YouthHockeyStats.app */,
			);
			name = Products;
			sourceTree = "<group>";
		};
		CF0251B02A997F7A00DB8F9E /* YouthHockeyStats */ = {
			isa = PBXGroup;
			children = (
				CF0251B12A997F7A00DB8F9E /* YouthHockeyStatsApp.swift */,
				CF0251BF2A997FAC00DB8F9E /* Views */,
				CF0251C02A997FC300DB8F9E /* ViewModels */,
				CF0251C12A997FD100DB8F9E /* Models */,
				CF0251C22A997FF800DB8F9E /* Services */,
				CF0251C32A99800800DB8F9E /* DataModel */,
				CF0251B52A997F7B00DB8F9E /* Assets.xcassets */,
				CF0251B72A997F7B00DB8F9E /* Preview Content */,
			);
			path = YouthHockeyStats;
			sourceTree = "<group>";
		};
		CF0251B72A997F7B00DB8F9E /* Preview Content */ = {
			isa = PBXGroup;
			children = (
				CF0251B82A997F7B00DB8F9E /* Preview Assets.xcassets */,
			);
			path = "Preview Content";
			sourceTree = "<group>";
		};
		CF0251BF2A997FAC00DB8F9E /* Views */ = {
			isa = PBXGroup;
			children = (
				CF2357392A9A8FC1005256C2 /* CreateGoalieView.swift */,
				CF0251B32A997F7A00DB8F9E /* GameView.swift */,
			);
			path = Views;
			sourceTree = "<group>";
		};
		CF0251C02A997FC300DB8F9E /* ViewModels */ = {
			isa = PBXGroup;
			children = (
			);
			path = ViewModels;
			sourceTree = "<group>";
		};
		CF0251C12A997FD100DB8F9E /* Models */ = {
			isa = PBXGroup;
			children = (
			);
			path = Models;
			sourceTree = "<group>";
		};
		CF0251C22A997FF800DB8F9E /* Services */ = {
			isa = PBXGroup;
			children = (
			);
			path = Services;
			sourceTree = "<group>";
		};
		CF0251C32A99800800DB8F9E /* DataModel */ = {
			isa = PBXGroup;
			children = (
				CF5CA7032AA0A90A00283E29 /* GoalieModel.xcdatamodeld */,
				CF5CA7062AA0AA3B00283E29 /* DataController.swift */,
			);
			path = DataModel;
			sourceTree = "<group>";
		};
/* End PBXGroup section */

/* Begin PBXNativeTarget section */
		CF0251AD2A997F7A00DB8F9E /* YouthHockeyStats */ = {
			isa = PBXNativeTarget;
			buildConfigurationList = CF0251BC2A997F7B00DB8F9E /* Build configuration list for PBXNativeTarget "YouthHockeyStats" */;
			buildPhases = (
				CF0251AA2A997F7A00DB8F9E /* Sources */,
				CF0251AB2A997F7A00DB8F9E /* Frameworks */,
				CF0251AC2A997F7A00DB8F9E /* Resources */,
			);
			buildRules = (
			);
			dependencies = (
			);
			name = YouthHockeyStats;
			productName = YouthHockeyStats;
			productReference = CF0251AE2A997F7A00DB8F9E /* YouthHockeyStats.app */;
			productType = "com.apple.product-type.application";
		};
/* End PBXNativeTarget section */

/* Begin PBXProject section */
		CF0251A62A997F7A00DB8F9E /* Project object */ = {
			isa = PBXProject;
			attributes = {
				BuildIndependentTargetsInParallel = 1;
				LastSwiftUpdateCheck = 1430;
				LastUpgradeCheck = 1430;
				TargetAttributes = {
					CF0251AD2A997F7A00DB8F9E = {
						CreatedOnToolsVersion = 14.3.1;
					};
				};
			};
			buildConfigurationList = CF0251A92A997F7A00DB8F9E /* Build configuration list for PBXProject "YouthHockeyStats" */;
			compatibilityVersion = "Xcode 14.0";
			developmentRegion = en;
			hasScannedForEncodings = 0;
			knownRegions = (
				en,
				Base,
			);
			mainGroup = CF0251A52A997F7A00DB8F9E;
			productRefGroup = CF0251AF2A997F7A00DB8F9E /* Products */;
			projectDirPath = "";
			projectRoot = "";
			targets = (
				CF0251AD2A997F7A00DB8F9E /* YouthHockeyStats */,
			);
		};
/* End PBXProject section */

/* Begin PBXResourcesBuildPhase section */
		CF0251AC2A997F7A00DB8F9E /* Resources */ = {
			isa = PBXResourcesBuildPhase;
			buildActionMask = 2147483647;
			files = (
				CF0251B92A997F7B00DB8F9E /* Preview Assets.xcassets in Resources */,
				CF0251B62A997F7B00DB8F9E /* Assets.xcassets in Resources */,
			);
			runOnlyForDeploymentPostprocessing = 0;
		};
/* End PBXResourcesBuildPhase section */

/* Begin PBXSourcesBuildPhase section */
		CF0251AA2A997F7A00DB8F9E /* Sources */ = {
			isa = PBXSourcesBuildPhase;
			buildActionMask = 2147483647;
			files = (
				CF5CA7072AA0AA3B00283E29 /* DataController.swift in Sources */,
				CF0251B42A997F7A00DB8F9E /* GameView.swift in Sources */,
				CF0251B22A997F7A00DB8F9E /* YouthHockeyStatsApp.swift in Sources */,
				CF23573A2A9A8FC1005256C2 /* CreateGoalieView.swift in Sources */,
				CF5CA7052AA0A90A00283E29 /* GoalieModel.xcdatamodeld in Sources */,
			);
			runOnlyForDeploymentPostprocessing = 0;
		};
/* End PBXSourcesBuildPhase section */

/* Begin XCBuildConfiguration section */
		CF0251BA2A997F7B00DB8F9E /* Debug */ = {
			isa = XCBuildConfiguration;
			buildSettings = {
				ALWAYS_SEARCH_USER_PATHS = NO;
				CLANG_ANALYZER_NONNULL = YES;
				CLANG_ANALYZER_NUMBER_OBJECT_CONVERSION = YES_AGGRESSIVE;
				CLANG_CXX_LANGUAGE_STANDARD = "gnu++20";
				CLANG_ENABLE_MODULES = YES;
				CLANG_ENABLE_OBJC_ARC = YES;
				CLANG_ENABLE_OBJC_WEAK = YES;
				CLANG_WARN_BLOCK_CAPTURE_AUTORELEASING = YES;
				CLANG_WARN_BOOL_CONVERSION = YES;
				CLANG_WARN_COMMA = YES;
				CLANG_WARN_CONSTANT_CONVERSION = YES;
				CLANG_WARN_DEPRECATED_OBJC_IMPLEMENTATIONS = YES;
				CLANG_WARN_DIRECT_OBJC_ISA_USAGE = YES_ERROR;
				CLANG_WARN_DOCUMENTATION_COMMENTS = YES;
				CLANG_WARN_EMPTY_BODY = YES;
				CLANG_WARN_ENUM_CONVERSION = YES;
				CLANG_WARN_INFINITE_RECURSION = YES;
				CLANG_WARN_INT_CONVERSION = YES;
				CLANG_WARN_NON_LITERAL_NULL_CONVERSION = YES;
				CLANG_WARN_OBJC_IMPLICIT_RETAIN_SELF = YES;
				CLANG_WARN_OBJC_LITERAL_CONVERSION = YES;
				CLANG_WARN_OBJC_ROOT_CLASS = YES_ERROR;
				CLANG_WARN_QUOTED_INCLUDE_IN_FRAMEWORK_HEADER = YES;
				CLANG_WARN_RANGE_LOOP_ANALYSIS = YES;
				CLANG_WARN_STRICT_PROTOTYPES = YES;
				CLANG_WARN_SUSPICIOUS_MOVE = YES;
				CLANG_WARN_UNGUARDED_AVAILABILITY = YES_AGGRESSIVE;
				CLANG_WARN_UNREACHABLE_CODE = YES;
				CLANG_WARN__DUPLICATE_METHOD_MATCH = YES;
				COPY_PHASE_STRIP = NO;
				DEBUG_INFORMATION_FORMAT = dwarf;
				ENABLE_STRICT_OBJC_MSGSEND = YES;
				ENABLE_TESTABILITY = YES;
				GCC_C_LANGUAGE_STANDARD = gnu11;
				GCC_DYNAMIC_NO_PIC = NO;
				GCC_NO_COMMON_BLOCKS = YES;
				GCC_OPTIMIZATION_LEVEL = 0;
				GCC_PREPROCESSOR_DEFINITIONS = (
					"DEBUG=1",
					"$(inherited)",
				);
				GCC_WARN_64_TO_32_BIT_CONVERSION = YES;
				GCC_WARN_ABOUT_RETURN_TYPE = YES_ERROR;
				GCC_WARN_UNDECLARED_SELECTOR = YES;
				GCC_WARN_UNINITIALIZED_AUTOS = YES_AGGRESSIVE;
				GCC_WARN_UNUSED_FUNCTION = YES;
				GCC_WARN_UNUSED_VARIABLE = YES;
				IPHONEOS_DEPLOYMENT_TARGET = 16.4;
				MTL_ENABLE_DEBUG_INFO = INCLUDE_SOURCE;
				MTL_FAST_MATH = YES;
				ONLY_ACTIVE_ARCH = YES;
				SDKROOT = iphoneos;
				SWIFT_ACTIVE_COMPILATION_CONDITIONS = DEBUG;
				SWIFT_OPTIMIZATION_LEVEL = "-Onone";
			};
			name = Debug;
		};
		CF0251BB2A997F7B00DB8F9E /* Release */ = {
			isa = XCBuildConfiguration;
			buildSettings = {
				ALWAYS_SEARCH_USER_PATHS = NO;
				CLANG_ANALYZER_NONNULL = YES;
				CLANG_ANALYZER_NUMBER_OBJECT_CONVERSION = YES_AGGRESSIVE;
				CLANG_CXX_LANGUAGE_STANDARD = "gnu++20";
				CLANG_ENABLE_MODULES = YES;
				CLANG_ENABLE_OBJC_ARC = YES;
				CLANG_ENABLE_OBJC_WEAK = YES;
				CLANG_WARN_BLOCK_CAPTURE_AUTORELEASING = YES;
				CLANG_WARN_BOOL_CONVERSION = YES;
				CLANG_WARN_COMMA = YES;
				CLANG_WARN_CONSTANT_CONVERSION = YES;
				CLANG_WARN_DEPRECATED_OBJC_IMPLEMENTATIONS = YES;
				CLANG_WARN_DIRECT_OBJC_ISA_USAGE = YES_ERROR;
				CLANG_WARN_DOCUMENTATION_COMMENTS = YES;
				CLANG_WARN_EMPTY_BODY = YES;
				CLANG_WARN_ENUM_CONVERSION = YES;
				CLANG_WARN_INFINITE_RECURSION = YES;
				CLANG_WARN_INT_CONVERSION = YES;
				CLANG_WARN_NON_LITERAL_NULL_CONVERSION = YES;
				CLANG_WARN_OBJC_IMPLICIT_RETAIN_SELF = YES;
				CLANG_WARN_OBJC_LITERAL_CONVERSION = YES;
				CLANG_WARN_OBJC_ROOT_CLASS = YES_ERROR;
				CLANG_WARN_QUOTED_INCLUDE_IN_FRAMEWORK_HEADER = YES;
				CLANG_WARN_RANGE_LOOP_ANALYSIS = YES;
				CLANG_WARN_STRICT_PROTOTYPES = YES;
				CLANG_WARN_SUSPICIOUS_MOVE = YES;
				CLANG_WARN_UNGUARDED_AVAILABILITY = YES_AGGRESSIVE;
				CLANG_WARN_UNREACHABLE_CODE = YES;
				CLANG_WARN__DUPLICATE_METHOD_MATCH = YES;
				COPY_PHASE_STRIP = NO;
				DEBUG_INFORMATION_FORMAT = "dwarf-with-dsym";
				ENABLE_NS_ASSERTIONS = NO;
				ENABLE_STRICT_OBJC_MSGSEND = YES;
				GCC_C_LANGUAGE_STANDARD = gnu11;
				GCC_NO_COMMON_BLOCKS = YES;
				GCC_WARN_64_TO_32_BIT_CONVERSION = YES;
				GCC_WARN_ABOUT_RETURN_TYPE = YES_ERROR;
				GCC_WARN_UNDECLARED_SELECTOR = YES;
				GCC_WARN_UNINITIALIZED_AUTOS = YES_AGGRESSIVE;
				GCC_WARN_UNUSED_FUNCTION = YES;
				GCC_WARN_UNUSED_VARIABLE = YES;
				IPHONEOS_DEPLOYMENT_TARGET = 16.4;
				MTL_ENABLE_DEBUG_INFO = NO;
				MTL_FAST_MATH = YES;
				SDKROOT = iphoneos;
				SWIFT_COMPILATION_MODE = wholemodule;
				SWIFT_OPTIMIZATION_LEVEL = "-O";
				VALIDATE_PRODUCT = YES;
			};
			name = Release;
		};
		CF0251BD2A997F7B00DB8F9E /* Debug */ = {
			isa = XCBuildConfiguration;
			buildSettings = {
				ASSETCATALOG_COMPILER_APPICON_NAME = AppIcon;
				ASSETCATALOG_COMPILER_GLOBAL_ACCENT_COLOR_NAME = AccentColor;
				CODE_SIGN_STYLE = Automatic;
				CURRENT_PROJECT_VERSION = 1;
				DEVELOPMENT_ASSET_PATHS = "\"YouthHockeyStats/Preview Content\"";
				DEVELOPMENT_TEAM = W8WPL4KZ5T;
				ENABLE_PREVIEWS = YES;
				GENERATE_INFOPLIST_FILE = YES;
				INFOPLIST_KEY_UIApplicationSceneManifest_Generation = YES;
				INFOPLIST_KEY_UIApplicationSupportsIndirectInputEvents = YES;
				INFOPLIST_KEY_UILaunchScreen_Generation = YES;
				INFOPLIST_KEY_UISupportedInterfaceOrientations_iPad = "UIInterfaceOrientationPortrait UIInterfaceOrientationPortraitUpsideDown UIInterfaceOrientationLandscapeLeft UIInterfaceOrientationLandscapeRight";
				INFOPLIST_KEY_UISupportedInterfaceOrientations_iPhone = "UIInterfaceOrientationPortrait UIInterfaceOrientationLandscapeLeft UIInterfaceOrientationLandscapeRight";
				LD_RUNPATH_SEARCH_PATHS = (
					"$(inherited)",
					"@executable_path/Frameworks",
				);
				MARKETING_VERSION = 1.0;
				PRODUCT_BUNDLE_IDENTIFIER = com.JoeMiehl.YouthHockeyStats;
				PRODUCT_NAME = "$(TARGET_NAME)";
				SWIFT_EMIT_LOC_STRINGS = YES;
				SWIFT_VERSION = 5.0;
				TARGETED_DEVICE_FAMILY = "1,2";
			};
			name = Debug;
		};
		CF0251BE2A997F7B00DB8F9E /* Release */ = {
			isa = XCBuildConfiguration;
			buildSettings = {
				ASSETCATALOG_COMPILER_APPICON_NAME = AppIcon;
				ASSETCATALOG_COMPILER_GLOBAL_ACCENT_COLOR_NAME = AccentColor;
				CODE_SIGN_STYLE = Automatic;
				CURRENT_PROJECT_VERSION = 1;
				DEVELOPMENT_ASSET_PATHS = "\"YouthHockeyStats/Preview Content\"";
				DEVELOPMENT_TEAM = W8WPL4KZ5T;
				ENABLE_PREVIEWS = YES;
				GENERATE_INFOPLIST_FILE = YES;
				INFOPLIST_KEY_UIApplicationSceneManifest_Generation = YES;
				INFOPLIST_KEY_UIApplicationSupportsIndirectInputEvents = YES;
				INFOPLIST_KEY_UILaunchScreen_Generation = YES;
				INFOPLIST_KEY_UISupportedInterfaceOrientations_iPad = "UIInterfaceOrientationPortrait UIInterfaceOrientationPortraitUpsideDown UIInterfaceOrientationLandscapeLeft UIInterfaceOrientationLandscapeRight";
				INFOPLIST_KEY_UISupportedInterfaceOrientations_iPhone = "UIInterfaceOrientationPortrait UIInterfaceOrientationLandscapeLeft UIInterfaceOrientationLandscapeRight";
				LD_RUNPATH_SEARCH_PATHS = (
					"$(inherited)",
					"@executable_path/Frameworks",
				);
				MARKETING_VERSION = 1.0;
				PRODUCT_BUNDLE_IDENTIFIER = com.JoeMiehl.YouthHockeyStats;
				PRODUCT_NAME = "$(TARGET_NAME)";
				SWIFT_EMIT_LOC_STRINGS = YES;
				SWIFT_VERSION = 5.0;
				TARGETED_DEVICE_FAMILY = "1,2";
			};
			name = Release;
		};
/* End XCBuildConfiguration section */

/* Begin XCConfigurationList section */
		CF0251A92A997F7A00DB8F9E /* Build configuration list for PBXProject "YouthHockeyStats" */ = {
			isa = XCConfigurationList;
			buildConfigurations = (
				CF0251BA2A997F7B00DB8F9E /* Debug */,
				CF0251BB2A997F7B00DB8F9E /* Release */,
			);
			defaultConfigurationIsVisible = 0;
			defaultConfigurationName = Release;
		};
		CF0251BC2A997F7B00DB8F9E /* Build configuration list for PBXNativeTarget "YouthHockeyStats" */ = {
			isa = XCConfigurationList;
			buildConfigurations = (
				CF0251BD2A997F7B00DB8F9E /* Debug */,
				CF0251BE2A997F7B00DB8F9E /* Release */,
			);
			defaultConfigurationIsVisible = 0;
			defaultConfigurationName = Release;
		};
/* End XCConfigurationList section */

/* Begin XCVersionGroup section */
		CF5CA7032AA0A90A00283E29 /* GoalieModel.xcdatamodeld */ = {
			isa = XCVersionGroup;
			children = (
				CF5CA7042AA0A90A00283E29 /* Model.xcdatamodel */,
			);
			currentVersion = CF5CA7042AA0A90A00283E29 /* Model.xcdatamodel */;
			path = GoalieModel.xcdatamodeld;
			sourceTree = "<group>";
			versionGroupType = wrapper.xcdatamodel;
		};
/* End XCVersionGroup section */
	};
	rootObject = CF0251A62A997F7A00DB8F9E /* Project object */;
}
